# THIS IS AN AUTOGENERATED FILE. DO NOT EDIT THIS FILE DIRECTLY.
# yarn lockfile v1


"@biomejs/biome@^1.9.1":
  version "1.9.1"
  resolved "https://registry.yarnpkg.com/@biomejs/biome/-/biome-1.9.1.tgz#93866252fb441687fdbed0a1b4e146e76ef7495e"
  integrity sha512-Ps0Rg0zg3B1zpx+zQHMz5b0n0PBNCAaXttHEDTVrJD5YXR6Uj3T+abTDgeS3wsu4z5i2whqcE1lZxGyWH4bZYg==
  optionalDependencies:
    "@biomejs/cli-darwin-arm64" "1.9.1"
    "@biomejs/cli-darwin-x64" "1.9.1"
    "@biomejs/cli-linux-arm64" "1.9.1"
    "@biomejs/cli-linux-arm64-musl" "1.9.1"
    "@biomejs/cli-linux-x64" "1.9.1"
    "@biomejs/cli-linux-x64-musl" "1.9.1"
    "@biomejs/cli-win32-arm64" "1.9.1"
    "@biomejs/cli-win32-x64" "1.9.1"

"@biomejs/cli-darwin-arm64@1.9.1":
  version "1.9.1"
  resolved "https://registry.yarnpkg.com/@biomejs/cli-darwin-arm64/-/cli-darwin-arm64-1.9.1.tgz#efa26ae2302350d3b00720cdda15576dfcf9cddd"
  integrity sha512-js0brHswq/BoeKgfSEUJYOjUOlML6p65Nantti+PsoQ61u9+YVGIZ7325LK7iUpDH8KVJT+Bx7K2b/6Q//W1Pw==

"@biomejs/cli-darwin-x64@1.9.1":
  version "1.9.1"
  resolved "https://registry.yarnpkg.com/@biomejs/cli-darwin-x64/-/cli-darwin-x64-1.9.1.tgz#a597b28d681483110c6aa7d28dcdefa0772b5450"
  integrity sha512-2zVyjUg5rN0k8XrytkubQWLbp2r/AS5wPhXs4vgVjvqbLnzo32EGX8p61gzroF2dH9DCUCfskdrigCGqNdEbpg==

"@biomejs/cli-linux-arm64-musl@1.9.1":
  version "1.9.1"
  resolved "https://registry.yarnpkg.com/@biomejs/cli-linux-arm64-musl/-/cli-linux-arm64-musl-1.9.1.tgz#d3d744c16060d09129b3e7c67697d54915c84342"
  integrity sha512-L/JmXKvhsZ1lTgqOr3tWkzuY/NRppdIscHeC9aaiR72WjnBgJS94mawl9BWmGB3aWBc0q6oSDWnBS7617EMMmA==

"@biomejs/cli-linux-arm64@1.9.1":
  version "1.9.1"
  resolved "https://registry.yarnpkg.com/@biomejs/cli-linux-arm64/-/cli-linux-arm64-1.9.1.tgz#aeece1d7842ae0389df14bc18ec7eeddffcb989c"
  integrity sha512-QgxwfnG+r2aer5RNGR67Ey91Tv7xXW8E9YckHhwuyWjdLEvKWkrSJrhVG/6ub0kVvTSNkYOuT/7/jMOFBuUbRA==

"@biomejs/cli-linux-x64-musl@1.9.1":
  version "1.9.1"
  resolved "https://registry.yarnpkg.com/@biomejs/cli-linux-x64-musl/-/cli-linux-x64-musl-1.9.1.tgz#e7ac315a22344394db5ec3385235d88a1449f649"
  integrity sha512-gY+eFLIAW45v3WicQHicvjRfA0ntMZHx7h937bXwBMFNFoKmB6rMi6+fKQ6/hiS6juhsFxZdZIz20m15s49J6A==

"@biomejs/cli-linux-x64@1.9.1":
  version "1.9.1"
  resolved "https://registry.yarnpkg.com/@biomejs/cli-linux-x64/-/cli-linux-x64-1.9.1.tgz#40f8c7aa55b95f3f74e3e4f57a07a3cc6dee2fef"
  integrity sha512-F0INygtzI2L2n2R1KtYHGr3YWDt9Up1zrUluwembM+iJ1dXN3qzlSb7deFUsSJm4FaIPriqs6Xa56ukdQW6UeQ==

"@biomejs/cli-win32-arm64@1.9.1":
  version "1.9.1"
  resolved "https://registry.yarnpkg.com/@biomejs/cli-win32-arm64/-/cli-win32-arm64-1.9.1.tgz#599f562fccbc9fd7e00dc3f43fb93ff3091f98e9"
  integrity sha512-7Jahxar3OB+aTPOgXisMJmMKMsjcK+UmdlG3UIOQjzN/ZFEsPV+GT3bfrVjZDQaCw/zes0Cqd7VTWFjFTC/+MQ==

"@biomejs/cli-win32-x64@1.9.1":
  version "1.9.1"
  resolved "https://registry.yarnpkg.com/@biomejs/cli-win32-x64/-/cli-win32-x64-1.9.1.tgz#f754bb8a94f2dab6311eff39dc30c4a6aa0f5628"
  integrity sha512-liSRWjWzFhyG7s1jg/Bbv9FL+ha/CEd5tFO3+dFIJNplL4TnvAivtyfRVi/tu/pNjISbV1k9JwdBewtAKAgA0w==
